
Microsoft Visual Studio Solution File, Format Version 12.00
# Visual Studio Version 17
VisualStudioVersion = 17.4.33205.214
MinimumVisualStudioVersion = 10.0.40219.1
Project("{2150E333-8FDC-42A3-9474-1A3956D46DE8}") = "src", "src", "{CF555572-8577-4F3D-B266-E94E1914ED64}"
EndProject
Project("{2150E333-8FDC-42A3-9474-1A3956D46DE8}") = "tests", "tests", "{9165A68B-6286-4B0B-98BC-F37428833ACC}"
EndProject
Project("{2150E333-8FDC-42A3-9474-1A3956D46DE8}") = "Accounts", "Accounts", "{44490879-8CF8-4BC1-BF12-AB84095B9341}"
EndProject
Project("{9A19103F-16F7-4668-BE54-9A1E7A4F7556}") = "OptiBid.Microservices.Accounts.Persistence", "OptiBid.Microservices.Accounts.Persistence\OptiBid.Microservices.Accounts.Persistence.csproj", "{266F7AAF-35AB-4737-86D2-F42AC37562E3}"
EndProject
Project("{9A19103F-16F7-4668-BE54-9A1E7A4F7556}") = "OptiBid.Microservices.Accounts.Domain", "OptiBid.Microservices.Accounts.Domain\OptiBid.Microservices.Accounts.Domain.csproj", "{401D0E51-331F-4D9F-9850-199851B19966}"
EndProject
Project("{2150E333-8FDC-42A3-9474-1A3956D46DE8}") = "Core", "Core", "{C21792F4-C371-4E4F-AA3C-937363C4EF33}"
EndProject
Project("{2150E333-8FDC-42A3-9474-1A3956D46DE8}") = "Infrastructure", "Infrastructure", "{24648D53-08E6-4017-A5AB-81F45C53DE74}"
EndProject
Project("{9A19103F-16F7-4668-BE54-9A1E7A4F7556}") = "OptiBid.Microservices.Accounts.Data", "OptiBid.Microservices.Accounts.Data\OptiBid.Microservices.Accounts.Data.csproj", "{ACF1F451-DA86-423F-B0AA-A755BEE54253}"
EndProject
Project("{9A19103F-16F7-4668-BE54-9A1E7A4F7556}") = "OptiBid.Microservices.Accounts.Services", "OptiBid.Microservices.Accounts.Services\OptiBid.Microservices.Accounts.Services.csproj", "{89FB1267-8019-4B1F-929D-0A86606A41EA}"
EndProject
Project("{9A19103F-16F7-4668-BE54-9A1E7A4F7556}") = "OptiBid.Microservices.Accounts.Messaging.Send", "OptiBid.Microservices.Accounts.Messaging.Send\OptiBid.Microservices.Accounts.Messaging.Send.csproj", "{AC51BB06-488B-4253-A04A-A8CF65945089}"
EndProject
Project("{9A19103F-16F7-4668-BE54-9A1E7A4F7556}") = "OptiBid.Microservices.Accounts.Web", "OptiBid.Microservices.Accounts.Web\OptiBid.Microservices.Accounts.Web.csproj", "{55C69C61-03BA-4235-87FC-CF00A714F453}"
EndProject
Project("{9A19103F-16F7-4668-BE54-9A1E7A4F7556}") = "OptiBid.Microservices.Accounts.Grpc", "OptiBid.Microservices.Accounts.Grpc\OptiBid.Microservices.Accounts.Grpc.csproj", "{9713F23A-E471-4596-834C-6094D4C2E709}"
EndProject
Project("{2150E333-8FDC-42A3-9474-1A3956D46DE8}") = "Auction", "Auction", "{E0DA777B-7430-449A-A184-06ABE90CF6F9}"
EndProject
Project("{2150E333-8FDC-42A3-9474-1A3956D46DE8}") = "Core", "Core", "{11C36A22-8AD2-48D1-A539-F1DA1978F992}"
EndProject
Project("{9A19103F-16F7-4668-BE54-9A1E7A4F7556}") = "OptiBid.Microservices.Auction.Domain", "OptiBid.Microservices.Auction.Domain\OptiBid.Microservices.Auction.Domain.csproj", "{6794D856-7E0B-40EB-8B02-73614B70B47C}"
EndProject
Project("{2150E333-8FDC-42A3-9474-1A3956D46DE8}") = "Infrastructure", "Infrastructure", "{A36DC6B8-3F26-4AAA-9EB6-48F2601A75BF}"
EndProject
Project("{9A19103F-16F7-4668-BE54-9A1E7A4F7556}") = "OptiBid.Microservices.Auction.Grpc", "OptiBid.Microservices.Auction.Grpc\OptiBid.Microservices.Auction.Grpc.csproj", "{5B59DA9B-0C45-40F0-90D9-BB5D27C3A0B9}"
EndProject
Project("{9A19103F-16F7-4668-BE54-9A1E7A4F7556}") = "OptiBid.Microservices.Auction.Persistence", "OptiBid.Microservices.Auction.Persistence\OptiBid.Microservices.Auction.Persistence.csproj", "{7D5A5AED-08CF-46C6-AD00-ADA61A50EBB1}"
EndProject
Project("{9A19103F-16F7-4668-BE54-9A1E7A4F7556}") = "OptiBid.Microservices.Auction.Data", "OptiBid.Microservices.Auction.Data\OptiBid.Microservices.Auction.Data.csproj", "{210BA4AE-B286-42A1-B819-A8D5886E91C7}"
EndProject
Project("{9A19103F-16F7-4668-BE54-9A1E7A4F7556}") = "OptiBid.Microservices.Auction.Services", "OptiBid.Microservices.Auction.Services\OptiBid.Microservices.Auction.Services.csproj", "{C7A61A23-C15A-4554-BC1A-FD4CC0F5BC31}"
EndProject
Project("{9A19103F-16F7-4668-BE54-9A1E7A4F7556}") = "OptiBid.Microservices.Auction.Messaging.Sender", "OptiBid.Microservices.Auction.Messaging.Sender\OptiBid.Microservices.Auction.Messaging.Sender.csproj", "{7742B5F0-A401-45F1-9DBD-C33BE79B0A26}"
EndProject
Project("{2150E333-8FDC-42A3-9474-1A3956D46DE8}") = "APIGateway", "APIGateway", "{55331A8C-CF24-4B32-976A-D4198EF6FADC}"
EndProject
Project("{9A19103F-16F7-4668-BE54-9A1E7A4F7556}") = "OptiBid.API", "OptiBid.API\OptiBid.API.csproj", "{EABAC793-F186-4CE1-9EC5-CD34A5270A4E}"
EndProject
Project("{9A19103F-16F7-4668-BE54-9A1E7A4F7556}") = "OptiBid.Microservices.Messaging.Receving", "OptiBid.Microservices.Messaging.Receving\OptiBid.Microservices.Messaging.Receving.csproj", "{B8C82D0A-53EF-46A9-8FB4-F2890B5D414A}"
EndProject
Project("{2150E333-8FDC-42A3-9474-1A3956D46DE8}") = "Shared", "Shared", "{B7D758C2-6870-46F0-8331-E62C96523192}"
EndProject
Project("{9A19103F-16F7-4668-BE54-9A1E7A4F7556}") = "OptiBid.Microservices.Shared.Messaging", "OptiBid.Microservices.Shared.Messaging\OptiBid.Microservices.Shared.Messaging.csproj", "{40D95CFC-C0DE-4141-B526-BED87853E39E}"
EndProject
Project("{2150E333-8FDC-42A3-9474-1A3956D46DE8}") = "Application", "Application", "{7BF17E43-5E61-419D-BB75-BAA994F93E76}"
EndProject
Project("{FAE04EC0-301F-11D3-BF4B-00C04F79EFBC}") = "OptiBid.Text.ConsoleHubConsumer", "OptiBid.Text.ConsoleHubConsumer\OptiBid.Text.ConsoleHubConsumer.csproj", "{62862F6F-B52E-4891-ADAE-E5F17A9F6DDA}"
EndProject
Global
	GlobalSection(SolutionConfigurationPlatforms) = preSolution
		Debug|Any CPU = Debug|Any CPU
		Release|Any CPU = Release|Any CPU
	EndGlobalSection
	GlobalSection(ProjectConfigurationPlatforms) = postSolution
		{266F7AAF-35AB-4737-86D2-F42AC37562E3}.Debug|Any CPU.ActiveCfg = Debug|Any CPU
		{266F7AAF-35AB-4737-86D2-F42AC37562E3}.Debug|Any CPU.Build.0 = Debug|Any CPU
		{266F7AAF-35AB-4737-86D2-F42AC37562E3}.Release|Any CPU.ActiveCfg = Release|Any CPU
		{266F7AAF-35AB-4737-86D2-F42AC37562E3}.Release|Any CPU.Build.0 = Release|Any CPU
		{401D0E51-331F-4D9F-9850-199851B19966}.Debug|Any CPU.ActiveCfg = Debug|Any CPU
		{401D0E51-331F-4D9F-9850-199851B19966}.Debug|Any CPU.Build.0 = Debug|Any CPU
		{401D0E51-331F-4D9F-9850-199851B19966}.Release|Any CPU.ActiveCfg = Release|Any CPU
		{401D0E51-331F-4D9F-9850-199851B19966}.Release|Any CPU.Build.0 = Release|Any CPU
		{ACF1F451-DA86-423F-B0AA-A755BEE54253}.Debug|Any CPU.ActiveCfg = Debug|Any CPU
		{ACF1F451-DA86-423F-B0AA-A755BEE54253}.Debug|Any CPU.Build.0 = Debug|Any CPU
		{ACF1F451-DA86-423F-B0AA-A755BEE54253}.Release|Any CPU.ActiveCfg = Release|Any CPU
		{ACF1F451-DA86-423F-B0AA-A755BEE54253}.Release|Any CPU.Build.0 = Release|Any CPU
		{89FB1267-8019-4B1F-929D-0A86606A41EA}.Debug|Any CPU.ActiveCfg = Debug|Any CPU
		{89FB1267-8019-4B1F-929D-0A86606A41EA}.Debug|Any CPU.Build.0 = Debug|Any CPU
		{89FB1267-8019-4B1F-929D-0A86606A41EA}.Release|Any CPU.ActiveCfg = Release|Any CPU
		{89FB1267-8019-4B1F-929D-0A86606A41EA}.Release|Any CPU.Build.0 = Release|Any CPU
		{AC51BB06-488B-4253-A04A-A8CF65945089}.Debug|Any CPU.ActiveCfg = Debug|Any CPU
		{AC51BB06-488B-4253-A04A-A8CF65945089}.Debug|Any CPU.Build.0 = Debug|Any CPU
		{AC51BB06-488B-4253-A04A-A8CF65945089}.Release|Any CPU.ActiveCfg = Release|Any CPU
		{AC51BB06-488B-4253-A04A-A8CF65945089}.Release|Any CPU.Build.0 = Release|Any CPU
		{55C69C61-03BA-4235-87FC-CF00A714F453}.Debug|Any CPU.ActiveCfg = Debug|Any CPU
		{55C69C61-03BA-4235-87FC-CF00A714F453}.Debug|Any CPU.Build.0 = Debug|Any CPU
		{55C69C61-03BA-4235-87FC-CF00A714F453}.Release|Any CPU.ActiveCfg = Release|Any CPU
		{55C69C61-03BA-4235-87FC-CF00A714F453}.Release|Any CPU.Build.0 = Release|Any CPU
		{9713F23A-E471-4596-834C-6094D4C2E709}.Debug|Any CPU.ActiveCfg = Debug|Any CPU
		{9713F23A-E471-4596-834C-6094D4C2E709}.Debug|Any CPU.Build.0 = Debug|Any CPU
		{9713F23A-E471-4596-834C-6094D4C2E709}.Release|Any CPU.ActiveCfg = Release|Any CPU
		{9713F23A-E471-4596-834C-6094D4C2E709}.Release|Any CPU.Build.0 = Release|Any CPU
		{6794D856-7E0B-40EB-8B02-73614B70B47C}.Debug|Any CPU.ActiveCfg = Debug|Any CPU
		{6794D856-7E0B-40EB-8B02-73614B70B47C}.Debug|Any CPU.Build.0 = Debug|Any CPU
		{6794D856-7E0B-40EB-8B02-73614B70B47C}.Release|Any CPU.ActiveCfg = Release|Any CPU
		{6794D856-7E0B-40EB-8B02-73614B70B47C}.Release|Any CPU.Build.0 = Release|Any CPU
		{5B59DA9B-0C45-40F0-90D9-BB5D27C3A0B9}.Debug|Any CPU.ActiveCfg = Debug|Any CPU
		{5B59DA9B-0C45-40F0-90D9-BB5D27C3A0B9}.Debug|Any CPU.Build.0 = Debug|Any CPU
		{5B59DA9B-0C45-40F0-90D9-BB5D27C3A0B9}.Release|Any CPU.ActiveCfg = Release|Any CPU
		{5B59DA9B-0C45-40F0-90D9-BB5D27C3A0B9}.Release|Any CPU.Build.0 = Release|Any CPU
		{7D5A5AED-08CF-46C6-AD00-ADA61A50EBB1}.Debug|Any CPU.ActiveCfg = Debug|Any CPU
		{7D5A5AED-08CF-46C6-AD00-ADA61A50EBB1}.Debug|Any CPU.Build.0 = Debug|Any CPU
		{7D5A5AED-08CF-46C6-AD00-ADA61A50EBB1}.Release|Any CPU.ActiveCfg = Release|Any CPU
		{7D5A5AED-08CF-46C6-AD00-ADA61A50EBB1}.Release|Any CPU.Build.0 = Release|Any CPU
		{210BA4AE-B286-42A1-B819-A8D5886E91C7}.Debug|Any CPU.ActiveCfg = Debug|Any CPU
		{210BA4AE-B286-42A1-B819-A8D5886E91C7}.Debug|Any CPU.Build.0 = Debug|Any CPU
		{210BA4AE-B286-42A1-B819-A8D5886E91C7}.Release|Any CPU.ActiveCfg = Release|Any CPU
		{210BA4AE-B286-42A1-B819-A8D5886E91C7}.Release|Any CPU.Build.0 = Release|Any CPU
		{C7A61A23-C15A-4554-BC1A-FD4CC0F5BC31}.Debug|Any CPU.ActiveCfg = Debug|Any CPU
		{C7A61A23-C15A-4554-BC1A-FD4CC0F5BC31}.Debug|Any CPU.Build.0 = Debug|Any CPU
		{C7A61A23-C15A-4554-BC1A-FD4CC0F5BC31}.Release|Any CPU.ActiveCfg = Release|Any CPU
		{C7A61A23-C15A-4554-BC1A-FD4CC0F5BC31}.Release|Any CPU.Build.0 = Release|Any CPU
		{7742B5F0-A401-45F1-9DBD-C33BE79B0A26}.Debug|Any CPU.ActiveCfg = Debug|Any CPU
		{7742B5F0-A401-45F1-9DBD-C33BE79B0A26}.Debug|Any CPU.Build.0 = Debug|Any CPU
		{7742B5F0-A401-45F1-9DBD-C33BE79B0A26}.Release|Any CPU.ActiveCfg = Release|Any CPU
		{7742B5F0-A401-45F1-9DBD-C33BE79B0A26}.Release|Any CPU.Build.0 = Release|Any CPU
		{EABAC793-F186-4CE1-9EC5-CD34A5270A4E}.Debug|Any CPU.ActiveCfg = Debug|Any CPU
		{EABAC793-F186-4CE1-9EC5-CD34A5270A4E}.Debug|Any CPU.Build.0 = Debug|Any CPU
		{EABAC793-F186-4CE1-9EC5-CD34A5270A4E}.Release|Any CPU.ActiveCfg = Release|Any CPU
		{EABAC793-F186-4CE1-9EC5-CD34A5270A4E}.Release|Any CPU.Build.0 = Release|Any CPU
		{B8C82D0A-53EF-46A9-8FB4-F2890B5D414A}.Debug|Any CPU.ActiveCfg = Debug|Any CPU
		{B8C82D0A-53EF-46A9-8FB4-F2890B5D414A}.Debug|Any CPU.Build.0 = Debug|Any CPU
		{B8C82D0A-53EF-46A9-8FB4-F2890B5D414A}.Release|Any CPU.ActiveCfg = Release|Any CPU
		{B8C82D0A-53EF-46A9-8FB4-F2890B5D414A}.Release|Any CPU.Build.0 = Release|Any CPU
		{40D95CFC-C0DE-4141-B526-BED87853E39E}.Debug|Any CPU.ActiveCfg = Debug|Any CPU
		{40D95CFC-C0DE-4141-B526-BED87853E39E}.Debug|Any CPU.Build.0 = Debug|Any CPU
		{40D95CFC-C0DE-4141-B526-BED87853E39E}.Release|Any CPU.ActiveCfg = Release|Any CPU
		{40D95CFC-C0DE-4141-B526-BED87853E39E}.Release|Any CPU.Build.0 = Release|Any CPU
		{62862F6F-B52E-4891-ADAE-E5F17A9F6DDA}.Debug|Any CPU.ActiveCfg = Debug|Any CPU
		{62862F6F-B52E-4891-ADAE-E5F17A9F6DDA}.Debug|Any CPU.Build.0 = Debug|Any CPU
		{62862F6F-B52E-4891-ADAE-E5F17A9F6DDA}.Release|Any CPU.ActiveCfg = Release|Any CPU
		{62862F6F-B52E-4891-ADAE-E5F17A9F6DDA}.Release|Any CPU.Build.0 = Release|Any CPU
	EndGlobalSection
	GlobalSection(SolutionProperties) = preSolution
		HideSolutionNode = FALSE
	EndGlobalSection
	GlobalSection(NestedProjects) = preSolution
		{44490879-8CF8-4BC1-BF12-AB84095B9341} = {CF555572-8577-4F3D-B266-E94E1914ED64}
		{266F7AAF-35AB-4737-86D2-F42AC37562E3} = {24648D53-08E6-4017-A5AB-81F45C53DE74}
		{401D0E51-331F-4D9F-9850-199851B19966} = {C21792F4-C371-4E4F-AA3C-937363C4EF33}
		{C21792F4-C371-4E4F-AA3C-937363C4EF33} = {44490879-8CF8-4BC1-BF12-AB84095B9341}
		{24648D53-08E6-4017-A5AB-81F45C53DE74} = {44490879-8CF8-4BC1-BF12-AB84095B9341}
		{ACF1F451-DA86-423F-B0AA-A755BEE54253} = {C21792F4-C371-4E4F-AA3C-937363C4EF33}
		{89FB1267-8019-4B1F-929D-0A86606A41EA} = {C21792F4-C371-4E4F-AA3C-937363C4EF33}
		{AC51BB06-488B-4253-A04A-A8CF65945089} = {24648D53-08E6-4017-A5AB-81F45C53DE74}
		{55C69C61-03BA-4235-87FC-CF00A714F453} = {24648D53-08E6-4017-A5AB-81F45C53DE74}
		{9713F23A-E471-4596-834C-6094D4C2E709} = {24648D53-08E6-4017-A5AB-81F45C53DE74}
		{E0DA777B-7430-449A-A184-06ABE90CF6F9} = {CF555572-8577-4F3D-B266-E94E1914ED64}
		{11C36A22-8AD2-48D1-A539-F1DA1978F992} = {E0DA777B-7430-449A-A184-06ABE90CF6F9}
		{6794D856-7E0B-40EB-8B02-73614B70B47C} = {11C36A22-8AD2-48D1-A539-F1DA1978F992}
		{A36DC6B8-3F26-4AAA-9EB6-48F2601A75BF} = {E0DA777B-7430-449A-A184-06ABE90CF6F9}
		{5B59DA9B-0C45-40F0-90D9-BB5D27C3A0B9} = {A36DC6B8-3F26-4AAA-9EB6-48F2601A75BF}
		{7D5A5AED-08CF-46C6-AD00-ADA61A50EBB1} = {A36DC6B8-3F26-4AAA-9EB6-48F2601A75BF}
		{210BA4AE-B286-42A1-B819-A8D5886E91C7} = {11C36A22-8AD2-48D1-A539-F1DA1978F992}
		{C7A61A23-C15A-4554-BC1A-FD4CC0F5BC31} = {11C36A22-8AD2-48D1-A539-F1DA1978F992}
		{7742B5F0-A401-45F1-9DBD-C33BE79B0A26} = {A36DC6B8-3F26-4AAA-9EB6-48F2601A75BF}
		{55331A8C-CF24-4B32-976A-D4198EF6FADC} = {CF555572-8577-4F3D-B266-E94E1914ED64}
		{EABAC793-F186-4CE1-9EC5-CD34A5270A4E} = {55331A8C-CF24-4B32-976A-D4198EF6FADC}
		{B8C82D0A-53EF-46A9-8FB4-F2890B5D414A} = {55331A8C-CF24-4B32-976A-D4198EF6FADC}
		{B7D758C2-6870-46F0-8331-E62C96523192} = {CF555572-8577-4F3D-B266-E94E1914ED64}
		{40D95CFC-C0DE-4141-B526-BED87853E39E} = {B7D758C2-6870-46F0-8331-E62C96523192}
		{7BF17E43-5E61-419D-BB75-BAA994F93E76} = {9165A68B-6286-4B0B-98BC-F37428833ACC}
		{62862F6F-B52E-4891-ADAE-E5F17A9F6DDA} = {7BF17E43-5E61-419D-BB75-BAA994F93E76}
	EndGlobalSection
	GlobalSection(ExtensibilityGlobals) = postSolution
		SolutionGuid = {D9A83D5A-DFAA-4560-A9D2-4BF12E170CEA}
	EndGlobalSection
EndGlobal
